
Microsoft Visual Studio Solution File, Format Version 12.00
# Visual Studio 15
VisualStudioVersion = 15.0.26403.7
MinimumVisualStudioVersion = 10.0.40219.1
Project("{FAE04EC0-301F-11D3-BF4B-00C04F79EFBC}") = "LagoVista.IoT.DeviceMessaging.Admin", "src\LagoVista.IoT.DeviceMessaging.Admin\LagoVista.IoT.DeviceMessaging.Admin.csproj", "{7BD9950B-CC7E-4A9E-929D-CA03A493F1FE}"
EndProject
Project("{FAE04EC0-301F-11D3-BF4B-00C04F79EFBC}") = "LagoVista.IoT.DeviceMessaging.Rest", "src\LagoVista.IoT.DeviceMessaging.Rest\LagoVista.IoT.DeviceMessaging.Rest.csproj", "{414D5A4D-609E-4D8A-9D1E-8176F6400CAE}"
EndProject
Project("{9A19103F-16F7-4668-BE54-9A1E7A4F7556}") = "LagoVista.IoT.DeviceMessaging.CloudRepos", "src\LagoVista.IoT.DeviceMessaging.CloudRepos\LagoVista.IoT.DeviceMessaging.CloudRepos.csproj", "{4398C27D-5681-4AED-B993-1DB057F3EE2E}"
EndProject
Global
	GlobalSection(SolutionConfigurationPlatforms) = preSolution
		Debug|Any CPU = Debug|Any CPU
		Release|Any CPU = Release|Any CPU
	EndGlobalSection
	GlobalSection(ProjectConfigurationPlatforms) = postSolution
		{7BD9950B-CC7E-4A9E-929D-CA03A493F1FE}.Debug|Any CPU.ActiveCfg = Debug|Any CPU
		{7BD9950B-CC7E-4A9E-929D-CA03A493F1FE}.Debug|Any CPU.Build.0 = Debug|Any CPU
		{7BD9950B-CC7E-4A9E-929D-CA03A493F1FE}.Release|Any CPU.ActiveCfg = Release|Any CPU
		{7BD9950B-CC7E-4A9E-929D-CA03A493F1FE}.Release|Any CPU.Build.0 = Release|Any CPU
		{414D5A4D-609E-4D8A-9D1E-8176F6400CAE}.Debug|Any CPU.ActiveCfg = Debug|Any CPU
		{414D5A4D-609E-4D8A-9D1E-8176F6400CAE}.Debug|Any CPU.Build.0 = Debug|Any CPU
		{414D5A4D-609E-4D8A-9D1E-8176F6400CAE}.Release|Any CPU.ActiveCfg = Release|Any CPU
		{414D5A4D-609E-4D8A-9D1E-8176F6400CAE}.Release|Any CPU.Build.0 = Release|Any CPU
		{4398C27D-5681-4AED-B993-1DB057F3EE2E}.Debug|Any CPU.ActiveCfg = Debug|Any CPU
		{4398C27D-5681-4AED-B993-1DB057F3EE2E}.Debug|Any CPU.Build.0 = Debug|Any CPU
		{4398C27D-5681-4AED-B993-1DB057F3EE2E}.Release|Any CPU.ActiveCfg = Release|Any CPU
		{4398C27D-5681-4AED-B993-1DB057F3EE2E}.Release|Any CPU.Build.0 = Release|Any CPU
	EndGlobalSection
	GlobalSection(SolutionProperties) = preSolution
		HideSolutionNode = FALSE
	EndGlobalSection
EndGlobal
